
Microsoft Visual Studio Solution File, Format Version 12.00
# Visual Studio 2015
Project("{FAE04EC0-301F-11D3-BF4B-00C04F79EFBC}") = "DON'T PANIC.CSharp.Plugins", "DON'T PANIC.CSharp.Plugins.csproj", "{F3AFE1B0-E463-3160-140D-B38A382DFDB2}"
EndProject
Project("{FAE04EC0-301F-11D3-BF4B-00C04F79EFBC}") = "DON'T PANIC.CSharp", "DON'T PANIC.CSharp.csproj", "{03A6FA40-23EE-6B32-2FA6-1EE75C223FD2}"
EndProject
Global
	GlobalSection(SolutionConfigurationPlatforms) = preSolution
		Debug|Any CPU = Debug|Any CPU
		Release|Any CPU = Release|Any CPU
	EndGlobalSection
	GlobalSection(ProjectConfigurationPlatforms) = postSolution
		{F3AFE1B0-E463-3160-140D-B38A382DFDB2}.Debug|Any CPU.ActiveCfg = Debug|Any CPU
		{F3AFE1B0-E463-3160-140D-B38A382DFDB2}.Debug|Any CPU.Build.0 = Debug|Any CPU
		{F3AFE1B0-E463-3160-140D-B38A382DFDB2}.Release|Any CPU.ActiveCfg = Release|Any CPU
		{F3AFE1B0-E463-3160-140D-B38A382DFDB2}.Release|Any CPU.Build.0 = Release|Any CPU
		{03A6FA40-23EE-6B32-2FA6-1EE75C223FD2}.Debug|Any CPU.ActiveCfg = Debug|Any CPU
		{03A6FA40-23EE-6B32-2FA6-1EE75C223FD2}.Debug|Any CPU.Build.0 = Debug|Any CPU
		{03A6FA40-23EE-6B32-2FA6-1EE75C223FD2}.Release|Any CPU.ActiveCfg = Release|Any CPU
		{03A6FA40-23EE-6B32-2FA6-1EE75C223FD2}.Release|Any CPU.Build.0 = Release|Any CPU
	EndGlobalSection
	GlobalSection(SolutionProperties) = preSolution
		HideSolutionNode = FALSE
	EndGlobalSection
EndGlobal
